
Microsoft Visual Studio Solution File, Format Version 12.00
# Visual Studio Version 17
VisualStudioVersion = 17.11.35208.52
MinimumVisualStudioVersion = 10.0.40219.1
Project("{FAE04EC0-301F-11D3-BF4B-00C04F79EFBC}") = "TaskAPI", "TaskService\TaskAPI.csproj", "{28E29424-ED8C-40CF-BDF8-FFA803EB1F5B}"
EndProject
Project("{FAE04EC0-301F-11D3-BF4B-00C04F79EFBC}") = "UserAPI", "UserService\UserAPI.csproj", "{08577FE7-51C1-44AE-9BA5-1A40DA7CBCFC}"
EndProject
Project("{FAE04EC0-301F-11D3-BF4B-00C04F79EFBC}") = "ApiGateway", "ApiGateway\ApiGateway.csproj", "{A57E7439-8C8D-4A39-8469-FE142DC96404}"
EndProject
Global
	GlobalSection(SolutionConfigurationPlatforms) = preSolution
		Debug|Any CPU = Debug|Any CPU
		Release|Any CPU = Release|Any CPU
	EndGlobalSection
	GlobalSection(ProjectConfigurationPlatforms) = postSolution
		{28E29424-ED8C-40CF-BDF8-FFA803EB1F5B}.Debug|Any CPU.ActiveCfg = Debug|Any CPU
		{28E29424-ED8C-40CF-BDF8-FFA803EB1F5B}.Debug|Any CPU.Build.0 = Debug|Any CPU
		{28E29424-ED8C-40CF-BDF8-FFA803EB1F5B}.Release|Any CPU.ActiveCfg = Release|Any CPU
		{28E29424-ED8C-40CF-BDF8-FFA803EB1F5B}.Release|Any CPU.Build.0 = Release|Any CPU
		{08577FE7-51C1-44AE-9BA5-1A40DA7CBCFC}.Debug|Any CPU.ActiveCfg = Debug|Any CPU
		{08577FE7-51C1-44AE-9BA5-1A40DA7CBCFC}.Debug|Any CPU.Build.0 = Debug|Any CPU
		{08577FE7-51C1-44AE-9BA5-1A40DA7CBCFC}.Release|Any CPU.ActiveCfg = Release|Any CPU
		{08577FE7-51C1-44AE-9BA5-1A40DA7CBCFC}.Release|Any CPU.Build.0 = Release|Any CPU
		{A57E7439-8C8D-4A39-8469-FE142DC96404}.Debug|Any CPU.ActiveCfg = Debug|Any CPU
		{A57E7439-8C8D-4A39-8469-FE142DC96404}.Debug|Any CPU.Build.0 = Debug|Any CPU
		{A57E7439-8C8D-4A39-8469-FE142DC96404}.Release|Any CPU.ActiveCfg = Release|Any CPU
		{A57E7439-8C8D-4A39-8469-FE142DC96404}.Release|Any CPU.Build.0 = Release|Any CPU
	EndGlobalSection
	GlobalSection(SolutionProperties) = preSolution
		HideSolutionNode = FALSE
	EndGlobalSection
	GlobalSection(ExtensibilityGlobals) = postSolution
		SolutionGuid = {BD4CC2F9-1F99-46C6-82E3-C3D21C8F4C60}
	EndGlobalSection
EndGlobal
